
Microsoft Visual Studio Solution File, Format Version 12.00
# Visual Studio Version 17
VisualStudioVersion = 17.10.34916.146
MinimumVisualStudioVersion = 10.0.40219.1
Project("{8BC9CEB8-8B4A-11D0-8D11-00A0C91BC942}") = "Lib4DICOM", "Lib4DICOM\Lib4DICOM.vcxproj", "{B2E44EF1-A099-4D02-B5C2-B58D762BA833}"
EndProject
Project("{8BC9CEB8-8B4A-11D0-8D11-00A0C91BC942}") = "TestApp", "TestApp\TestApp.vcxproj", "{716B5793-39BB-4E8A-82E1-F0F2306387F4}"
	ProjectSection(ProjectDependencies) = postProject
		{B2E44EF1-A099-4D02-B5C2-B58D762BA833} = {B2E44EF1-A099-4D02-B5C2-B58D762BA833}
	EndProjectSection
EndProject
Global
	GlobalSection(SolutionConfigurationPlatforms) = preSolution
		Debug|x64 = Debug|x64
		Release|x64 = Release|x64
	EndGlobalSection
	GlobalSection(ProjectConfigurationPlatforms) = postSolution
		{B2E44EF1-A099-4D02-B5C2-B58D762BA833}.Debug|x64.ActiveCfg = Debug|x64
		{B2E44EF1-A099-4D02-B5C2-B58D762BA833}.Debug|x64.Build.0 = Debug|x64
		{B2E44EF1-A099-4D02-B5C2-B58D762BA833}.Release|x64.ActiveCfg = Release|x64
		{B2E44EF1-A099-4D02-B5C2-B58D762BA833}.Release|x64.Build.0 = Release|x64
		{716B5793-39BB-4E8A-82E1-F0F2306387F4}.Debug|x64.ActiveCfg = Debug|x64
		{716B5793-39BB-4E8A-82E1-F0F2306387F4}.Debug|x64.Build.0 = Debug|x64
		{716B5793-39BB-4E8A-82E1-F0F2306387F4}.Release|x64.ActiveCfg = Release|x64
		{716B5793-39BB-4E8A-82E1-F0F2306387F4}.Release|x64.Build.0 = Release|x64
	EndGlobalSection
	GlobalSection(SolutionProperties) = preSolution
		HideSolutionNode = FALSE
	EndGlobalSection
	GlobalSection(ExtensibilityGlobals) = postSolution
		SolutionGuid = {78B8D9E7-3FED-44AC-90A3-43C10DCC32B9}
	EndGlobalSection
EndGlobal
